# This file was autogenerated by uv via the following command:
#    uv export --frozen --no-emit-project --no-dev --no-hashes -o requirements.lock
aiohappyeyeballs==2.7.1
    # via aiohttp
aiohttp==3.14.3
    # via onvif-zeep-async
aiosignal==1.4.0
    # via aiohttp
annotated-doc==0.0.4
    # via fastapi
annotated-types==0.7.0
    # via pydantic
anyio==4.14.2
    # via
    #   httpx
    #   starlette
attrs==26.1.0
    # via
    #   aiohttp
    #   zeep
certifi==2026.7.22
    # via
    #   httpcore
    #   httpx
    #   requests
charset-normalizer==3.4.9
    # via requests
ciso8601==2.3.3
    # via onvif-zeep-async
click==8.4.2
    # via uvicorn
colorama==0.4.6 ; sys_platform == 'win32'
    # via click
fastapi==0.139.2
    # via onvif-sua
frozenlist==1.8.0
    # via
    #   aiohttp
    #   aiosignal
h11==0.16.0
    # via
    #   httpcore
    #   uvicorn
httpcore==1.0.9
    # via httpx
httpx==0.28.1
    # via
    #   onvif-zeep-async
    #   zeep
idna==3.18
    # via
    #   anyio
    #   httpx
    #   requests
    #   yarl
isodate==0.7.2
    # via zeep
jinja2==3.1.6
    # via onvif-sua
lxml==6.1.1
    # via zeep
markupsafe==3.0.3
    # via jinja2
multidict==6.7.1
    # via
    #   aiohttp
    #   yarl
onvif-zeep-async==4.2.1
    # via onvif-sua
packaging==26.2
    # via zeep
paho-mqtt==2.1.0
    # via onvif-sua
platformdirs==4.11.0
    # via zeep
propcache==0.5.2
    # via
    #   aiohttp
    #   yarl
pydantic==2.13.4
    # via fastapi
pydantic-core==2.46.4
    # via pydantic
python-dotenv==1.2.2
    # via onvif-sua
pyyaml==6.0.3
    # via onvif-sua
requests==2.34.2
    # via
    #   onvif-sua
    #   requests-file
    #   requests-toolbelt
    #   zeep
requests-file==3.0.1
    # via zeep
requests-toolbelt==1.0.0
    # via zeep
starlette==1.3.1
    # via fastapi
typing-extensions==4.16.0
    # via
    #   fastapi
    #   pydantic
    #   pydantic-core
    #   typing-inspection
typing-inspection==0.4.2
    # via
    #   fastapi
    #   pydantic
urllib3==2.7.0
    # via requests
uvicorn==0.51.0
    # via onvif-sua
yarl==1.24.5
    # via
    #   aiohttp
    #   onvif-zeep-async
zeep==4.3.3
    # via onvif-zeep-async
